// !$*UTF8*$!
{
	archiveVersion = 1;
	classes = {
	};
	objectVersion = 50;
	objects = {

/* Begin PBXBuildFile section */
		CA9517CB250483C60046A9A8 /* AppDelegate.swift in Sources */ = {isa = PBXBuildFile; fileRef = CA9517CA250483C60046A9A8 /* AppDelegate.swift */; };
		CA9517CD250483C60046A9A8 /* SceneDelegate.swift in Sources */ = {isa = PBXBuildFile; fileRef = CA9517CC250483C60046A9A8 /* SceneDelegate.swift */; };
		CA9517CF250483C60046A9A8 /* ViewController.swift in Sources */ = {isa = PBXBuildFile; fileRef = CA9517CE250483C60046A9A8 /* ViewController.swift */; };
		CA9517D2250483C60046A9A8 /* Main.storyboard in Resources */ = {isa = PBXBuildFile; fileRef = CA9517D0250483C60046A9A8 /* Main.storyboard */; };
		CA9517D4250483C60046A9A8 /* Assets.xcassets in Resources */ = {isa = PBXBuildFile; fileRef = CA9517D3250483C60046A9A8 /* Assets.xcassets */; };
		CA9517D7250483C60046A9A8 /* LaunchScreen.storyboard in Resources */ = {isa = PBXBuildFile; fileRef = CA9517D5250483C60046A9A8 /* LaunchScreen.storyboard */; };
		CA9517E2250483C70046A9A8 /* Tip_TimeTests.swift in Sources */ = {isa = PBXBuildFile; fileRef = CA9517E1250483C70046A9A8 /* Tip_TimeTests.swift */; };
		CA9517ED250483C70046A9A8 /* Tip_TimeUITests.swift in Sources */ = {isa = PBXBuildFile; fileRef = CA9517EC250483C70046A9A8 /* Tip_TimeUITests.swift */; };
/* End PBXBuildFile section */

/* Begin PBXContainerItemProxy section */
		CA9517DE250483C70046A9A8 /* PBXContainerItemProxy */ = {
			isa = PBXContainerItemProxy;
			containerPortal = CA9517BF250483C60046A9A8 /* Project object */;
			proxyType = 1;
			remoteGlobalIDString = CA9517C6250483C60046A9A8;
			remoteInfo = "Tip Time";
		};
		CA9517E9250483C70046A9A8 /* PBXContainerItemProxy */ = {
			isa = PBXContainerItemProxy;
			containerPortal = CA9517BF250483C60046A9A8 /* Project object */;
			proxyType = 1;
			remoteGlobalIDString = CA9517C6250483C60046A9A8;
			remoteInfo = "Tip Time";
		};
/* End PBXContainerItemProxy section */

/* Begin PBXFileReference section */
		CA9517C7250483C60046A9A8 /* Tip Time.app */ = {isa = PBXFileReference; explicitFileType = wrapper.application; includeInIndex = 0; path = "Tip Time.app"; sourceTree = BUILT_PRODUCTS_DIR; };
		CA9517CA250483C60046A9A8 /* AppDelegate.swift */ = {isa = PBXFileReference; lastKnownFileType = sourcecode.swift; path = AppDelegate.swift; sourceTree = "<group>"; };
		CA9517CC250483C60046A9A8 /* SceneDelegate.swift */ = {isa = PBXFileReference; lastKnownFileType = sourcecode.swift; path = SceneDelegate.swift; sourceTree = "<group>"; };
		CA9517CE250483C60046A9A8 /* ViewController.swift */ = {isa = PBXFileReference; lastKnownFileType = sourcecode.swift; path = ViewController.swift; sourceTree = "<group>"; };
		CA9517D1250483C60046A9A8 /* Base */ = {isa = PBXFileReference; lastKnownFileType = file.storyboard; name = Base; path = Base.lproj/Main.storyboard; sourceTree = "<group>"; };
		CA9517D3250483C60046A9A8 /* Assets.xcassets */ = {isa = PBXFileReference; lastKnownFileType = folder.assetcatalog; path = Assets.xcassets; sourceTree = "<group>"; };
		CA9517D6250483C60046A9A8 /* Base */ = {isa = PBXFileReference; lastKnownFileType = file.storyboard; name = Base; path = Base.lproj/LaunchScreen.storyboard; sourceTree = "<group>"; };
		CA9517D8250483C60046A9A8 /* Info.plist */ = {isa = PBXFileReference; lastKnownFileType = text.plist.xml; path = Info.plist; sourceTree = "<group>"; };
		CA9517DD250483C70046A9A8 /* Tip TimeTests.xctest */ = {isa = PBXFileReference; explicitFileType = wrapper.cfbundle; includeInIndex = 0; path = "Tip TimeTests.xctest"; sourceTree = BUILT_PRODUCTS_DIR; };
		CA9517E1250483C70046A9A8 /* Tip_TimeTests.swift */ = {isa = PBXFileReference; lastKnownFileType = sourcecode.swift; path = Tip_TimeTests.swift; sourceTree = "<group>"; };
		CA9517E3250483C70046A9A8 /* Info.plist */ = {isa = PBXFileReference; lastKnownFileType = text.plist.xml; path = Info.plist; sourceTree = "<group>"; };
		CA9517E8250483C70046A9A8 /* Tip TimeUITests.xctest */ = {isa = PBXFileReference; explicitFileType = wrapper.cfbundle; includeInIndex = 0; path = "Tip TimeUITests.xctest"; sourceTree = BUILT_PRODUCTS_DIR; };
		CA9517EC250483C70046A9A8 /* Tip_TimeUITests.swift */ = {isa = PBXFileReference; lastKnownFileType = sourcecode.swift; path = Tip_TimeUITests.swift; sourceTree = "<group>"; };
		CA9517EE250483C70046A9A8 /* Info.plist */ = {isa = PBXFileReference; lastKnownFileType = text.plist.xml; path = Info.plist; sourceTree = "<group>"; };
/* End PBXFileReference section */

/* Begin PBXFrameworksBuildPhase section */
		CA9517C4250483C60046A9A8 /* Frameworks */ = {
			isa = PBXFrameworksBuildPhase;
			buildActionMask = 2147483647;
			files = (
			);
			runOnlyForDeploymentPostprocessing = 0;
		};
		CA9517DA250483C70046A9A8 /* Frameworks */ = {
			isa = PBXFrameworksBuildPhase;
			buildActionMask = 2147483647;
			files = (
			);
			runOnlyForDeploymentPostprocessing = 0;
		};
		CA9517E5250483C70046A9A8 /* Frameworks */ = {
			isa = PBXFrameworksBuildPhase;
			buildActionMask = 2147483647;
			files = (
			);
			runOnlyForDeploymentPostprocessing = 0;
		};
/* End PBXFrameworksBuildPhase section */

/* Begin PBXGroup section */
		CA9517BE250483C60046A9A8 = {
			isa = PBXGroup;
			children = (
				CA9517C9250483C60046A9A8 /* Tip Time */,
				CA9517E0250483C70046A9A8 /* Tip TimeTests */,
				CA9517EB250483C70046A9A8 /* Tip TimeUITests */,
				CA9517C8250483C60046A9A8 /* Products */,
			);
			sourceTree = "<group>";
		};
		CA9517C8250483C60046A9A8 /* Products */ = {
			isa = PBXGroup;
			children = (
				CA9517C7250483C60046A9A8 /* Tip Time.app */,
				CA9517DD250483C70046A9A8 /* Tip TimeTests.xctest */,
				CA9517E8250483C70046A9A8 /* Tip TimeUITests.xctest */,
			);
			name = Products;
			sourceTree = "<group>";
		};
		CA9517C9250483C60046A9A8 /* Tip Time */ = {
			isa = PBXGroup;
			children = (
				CA9517CA250483C60046A9A8 /* AppDelegate.swift */,
				CA9517CC250483C60046A9A8 /* SceneDelegate.swift */,
				CA9517CE250483C60046A9A8 /* ViewController.swift */,
				CA9517D0250483C60046A9A8 /* Main.storyboard */,
				CA9517D3250483C60046A9A8 /* Assets.xcassets */,
				CA9517D5250483C60046A9A8 /* LaunchScreen.storyboard */,
				CA9517D8250483C60046A9A8 /* Info.plist */,
			);
			path = "Tip Time";
			sourceTree = "<group>";
		};
		CA9517E0250483C70046A9A8 /* Tip TimeTests */ = {
			isa = PBXGroup;
			children = (
				CA9517E1250483C70046A9A8 /* Tip_TimeTests.swift */,
				CA9517E3250483C70046A9A8 /* Info.plist */,
			);
			path = "Tip TimeTests";
			sourceTree = "<group>";
		};
		CA9517EB250483C70046A9A8 /* Tip TimeUITests */ = {
			isa = PBXGroup;
			children = (
				CA9517EC250483C70046A9A8 /* Tip_TimeUITests.swift */,
				CA9517EE250483C70046A9A8 /* Info.plist */,
			);
			path = "Tip TimeUITests";
			sourceTree = "<group>";
		};
/* End PBXGroup section */

/* Begin PBXNativeTarget section */
		CA9517C6250483C60046A9A8 /* Tip Time */ = {
			isa = PBXNativeTarget;
			buildConfigurationList = CA9517F1250483C70046A9A8 /* Build configuration list for PBXNativeTarget "Tip Time" */;
			buildPhases = (
				CA9517C3250483C60046A9A8 /* Sources */,
				CA9517C4250483C60046A9A8 /* Frameworks */,
				CA9517C5250483C60046A9A8 /* Resources */,
			);
			buildRules = (
			);
			dependencies = (
			);
			name = "Tip Time";
			productName = "Tip Time";
			productReference = CA9517C7250483C60046A9A8 /* Tip Time.app */;
			productType = "com.apple.product-type.application";
		};
		CA9517DC250483C70046A9A8 /* Tip TimeTests */ = {
			isa = PBXNativeTarget;
			buildConfigurationList = CA9517F4250483C70046A9A8 /* Build configuration list for PBXNativeTarget "Tip TimeTests" */;
			buildPhases = (
				CA9517D9250483C70046A9A8 /* Sources */,
				CA9517DA250483C70046A9A8 /* Frameworks */,
				CA9517DB250483C70046A9A8 /* Resources */,
			);
			buildRules = (
			);
			dependencies = (
				CA9517DF250483C70046A9A8 /* PBXTargetDependency */,
			);
			name = "Tip TimeTests";
			productName = "Tip TimeTests";
			productReference = CA9517DD250483C70046A9A8 /* Tip TimeTests.xctest */;
			productType = "com.apple.product-type.bundle.unit-test";
		};
		CA9517E7250483C70046A9A8 /* Tip TimeUITests */ = {
			isa = PBXNativeTarget;
			buildConfigurationList = CA9517F7250483C70046A9A8 /* Build configuration list for PBXNativeTarget "Tip TimeUITests" */;
			buildPhases = (
				CA9517E4250483C70046A9A8 /* Sources */,
				CA9517E5250483C70046A9A8 /* Frameworks */,
				CA9517E6250483C70046A9A8 /* Resources */,
			);
			buildRules = (
			);
			dependencies = (
				CA9517EA250483C70046A9A8 /* PBXTargetDependency */,
			);
			name = "Tip TimeUITests";
			productName = "Tip TimeUITests";
			productReference = CA9517E8250483C70046A9A8 /* Tip TimeUITests.xctest */;
			productType = "com.apple.product-type.bundle.ui-testing";
		};
/* End PBXNativeTarget section */

/* Begin PBXProject section */
		CA9517BF250483C60046A9A8 /* Project object */ = {
			isa = PBXProject;
			attributes = {
				LastSwiftUpdateCheck = 1170;
				LastUpgradeCheck = 1170;
				ORGANIZATIONNAME = Jeressia;
				TargetAttributes = {
					CA9517C6250483C60046A9A8 = {
						CreatedOnToolsVersion = 11.7;
					};
					CA9517DC250483C70046A9A8 = {
						CreatedOnToolsVersion = 11.7;
						TestTargetID = CA9517C6250483C60046A9A8;
					};
					CA9517E7250483C70046A9A8 = {
						CreatedOnToolsVersion = 11.7;
						TestTargetID = CA9517C6250483C60046A9A8;
					};
				};
			};
			buildConfigurationList = CA9517C2250483C60046A9A8 /* Build configuration list for PBXProject "Tip Time" */;
			compatibilityVersion = "Xcode 9.3";
			developmentRegion = en;
			hasScannedForEncodings = 0;
			knownRegions = (
				en,
				Base,
			);
			mainGroup = CA9517BE250483C60046A9A8;
			productRefGroup = CA9517C8250483C60046A9A8 /* Products */;
			projectDirPath = "";
			projectRoot = "";
			targets = (
				CA9517C6250483C60046A9A8 /* Tip Time */,
				CA9517DC250483C70046A9A8 /* Tip TimeTests */,
				CA9517E7250483C70046A9A8 /* Tip TimeUITests */,
			);
		};
/* End PBXProject section */

/* Begin PBXResourcesBuildPhase section */
		CA9517C5250483C60046A9A8 /* Resources */ = {
			isa = PBXResourcesBuildPhase;
			buildActionMask = 2147483647;
			files = (
				CA9517D7250483C60046A9A8 /* LaunchScreen.storyboard in Resources */,
				CA9517D4250483C60046A9A8 /* Assets.xcassets in Resources */,
				CA9517D2250483C60046A9A8 /* Main.storyboard in Resources */,
			);
			runOnlyForDeploymentPostprocessing = 0;
		};
		CA9517DB250483C70046A9A8 /* Resources */ = {
			isa = PBXResourcesBuildPhase;
			buildActionMask = 2147483647;
			files = (
			);
			runOnlyForDeploymentPostprocessing = 0;
		};
		CA9517E6250483C70046A9A8 /* Resources */ = {
			isa = PBXResourcesBuildPhase;
			buildActionMask = 2147483647;
			files = (
			);
			runOnlyForDeploymentPostprocessing = 0;
		};
/* End PBXResourcesBuildPhase section */

/* Begin PBXSourcesBuildPhase section */
		CA9517C3250483C60046A9A8 /* Sources */ = {
			isa = PBXSourcesBuildPhase;
			buildActionMask = 2147483647;
			files = (
				CA9517CF250483C60046A9A8 /* ViewController.swift in Sources */,
				CA9517CB250483C60046A9A8 /* AppDelegate.swift in Sources */,
				CA9517CD250483C60046A9A8 /* SceneDelegate.swift in Sources */,
			);
			runOnlyForDeploymentPostprocessing = 0;
		};
		CA9517D9250483C70046A9A8 /* Sources */ = {
			isa = PBXSourcesBuildPhase;
			buildActionMask = 2147483647;
			files = (
				CA9517E2250483C70046A9A8 /* Tip_TimeTests.swift in Sources */,
			);
			runOnlyForDeploymentPostprocessing = 0;
		};
		CA9517E4250483C70046A9A8 /* Sources */ = {
			isa = PBXSourcesBuildPhase;
			buildActionMask = 2147483647;
			files = (
				CA9517ED250483C70046A9A8 /* Tip_TimeUITests.swift in Sources */,
			);
			runOnlyForDeploymentPostprocessing = 0;
		};
/* End PBXSourcesBuildPhase section */

/* Begin PBXTargetDependency section */
		CA9517DF250483C70046A9A8 /* PBXTargetDependency */ = {
			isa = PBXTargetDependency;
			target = CA9517C6250483C60046A9A8 /* Tip Time */;
			targetProxy = CA9517DE250483C70046A9A8 /* PBXContainerItemProxy */;
		};
		CA9517EA250483C70046A9A8 /* PBXTargetDependency */ = {
			isa = PBXTargetDependency;
			target = CA9517C6250483C60046A9A8 /* Tip Time */;
			targetProxy = CA9517E9250483C70046A9A8 /* PBXContainerItemProxy */;
		};
/* End PBXTargetDependency section */

/* Begin PBXVariantGroup section */
		CA9517D0250483C60046A9A8 /* Main.storyboard */ = {
			isa = PBXVariantGroup;
			children = (
				CA9517D1250483C60046A9A8 /* Base */,
			);
			name = Main.storyboard;
			sourceTree = "<group>";
		};
		CA9517D5250483C60046A9A8 /* LaunchScreen.storyboard */ = {
			isa = PBXVariantGroup;
			children = (
				CA9517D6250483C60046A9A8 /* Base */,
			);
			name = LaunchScreen.storyboard;
			sourceTree = "<group>";
		};
/* End PBXVariantGroup section */

/* Begin XCBuildConfiguration section */
		CA9517EF250483C70046A9A8 /* Debug */ = {
			isa = XCBuildConfiguration;
			buildSettings = {
				ALWAYS_SEARCH_USER_PATHS = NO;
				CLANG_ANALYZER_NONNULL = YES;
				CLANG_ANALYZER_NUMBER_OBJECT_CONVERSION = YES_AGGRESSIVE;
				CLANG_CXX_LANGUAGE_STANDARD = "gnu++14";
				CLANG_CXX_LIBRARY = "libc++";
				CLANG_ENABLE_MODULES = YES;
				CLANG_ENABLE_OBJC_ARC = YES;
				CLANG_ENABLE_OBJC_WEAK = YES;
				CLANG_WARN_BLOCK_CAPTURE_AUTORELEASING = YES;
				CLANG_WARN_BOOL_CONVERSION = YES;
				CLANG_WARN_COMMA = YES;
				CLANG_WARN_CONSTANT_CONVERSION = YES;
				CLANG_WARN_DEPRECATED_OBJC_IMPLEMENTATIONS = YES;
				CLANG_WARN_DIRECT_OBJC_ISA_USAGE = YES_ERROR;
				CLANG_WARN_DOCUMENTATION_COMMENTS = YES;
				CLANG_WARN_EMPTY_BODY = YES;
				CLANG_WARN_ENUM_CONVERSION = YES;
				CLANG_WARN_INFINITE_RECURSION = YES;
				CLANG_WARN_INT_CONVERSION = YES;
				CLANG_WARN_NON_LITERAL_NULL_CONVERSION = YES;
				CLANG_WARN_OBJC_IMPLICIT_RETAIN_SELF = YES;
				CLANG_WARN_OBJC_LITERAL_CONVERSION = YES;
				CLANG_WARN_OBJC_ROOT_CLASS = YES_ERROR;
				CLANG_WARN_RANGE_LOOP_ANALYSIS = YES;
				CLANG_WARN_STRICT_PROTOTYPES = YES;
				CLANG_WARN_SUSPICIOUS_MOVE = YES;
				CLANG_WARN_UNGUARDED_AVAILABILITY = YES_AGGRESSIVE;
				CLANG_WARN_UNREACHABLE_CODE = YES;
				CLANG_WARN__DUPLICATE_METHOD_MATCH = YES;
				COPY_PHASE_STRIP = NO;
				DEBUG_INFORMATION_FORMAT = dwarf;
				ENABLE_STRICT_OBJC_MSGSEND = YES;
				ENABLE_TESTABILITY = YES;
				GCC_C_LANGUAGE_STANDARD = gnu11;
				GCC_DYNAMIC_NO_PIC = NO;
				GCC_NO_COMMON_BLOCKS = YES;
				GCC_OPTIMIZATION_LEVEL = 0;
				GCC_PREPROCESSOR_DEFINITIONS = (
					"DEBUG=1",
					"$(inherited)",
				);
				GCC_WARN_64_TO_32_BIT_CONVERSION = YES;
				GCC_WARN_ABOUT_RETURN_TYPE = YES_ERROR;
				GCC_WARN_UNDECLARED_SELECTOR = YES;
				GCC_WARN_UNINITIALIZED_AUTOS = YES_AGGRESSIVE;
				GCC_WARN_UNUSED_FUNCTION = YES;
				GCC_WARN_UNUSED_VARIABLE = YES;
				IPHONEOS_DEPLOYMENT_TARGET = 13.7;
				MTL_ENABLE_DEBUG_INFO = INCLUDE_SOURCE;
				MTL_FAST_MATH = YES;
				ONLY_ACTIVE_ARCH = YES;
				SDKROOT = iphoneos;
				SWIFT_ACTIVE_COMPILATION_CONDITIONS = DEBUG;
				SWIFT_OPTIMIZATION_LEVEL = "-Onone";
			};
			name = Debug;
		};
		CA9517F0250483C70046A9A8 /* Release */ = {
			isa = XCBuildConfiguration;
			buildSettings = {
				ALWAYS_SEARCH_USER_PATHS = NO;
				CLANG_ANALYZER_NONNULL = YES;
				CLANG_ANALYZER_NUMBER_OBJECT_CONVERSION = YES_AGGRESSIVE;
				CLANG_CXX_LANGUAGE_STANDARD = "gnu++14";
				CLANG_CXX_LIBRARY = "libc++";
				CLANG_ENABLE_MODULES = YES;
				CLANG_ENABLE_OBJC_ARC = YES;
				CLANG_ENABLE_OBJC_WEAK = YES;
				CLANG_WARN_BLOCK_CAPTURE_AUTORELEASING = YES;
				CLANG_WARN_BOOL_CONVERSION = YES;
				CLANG_WARN_COMMA = YES;
				CLANG_WARN_CONSTANT_CONVERSION = YES;
				CLANG_WARN_DEPRECATED_OBJC_IMPLEMENTATIONS = YES;
				CLANG_WARN_DIRECT_OBJC_ISA_USAGE = YES_ERROR;
				CLANG_WARN_DOCUMENTATION_COMMENTS = YES;
				CLANG_WARN_EMPTY_BODY = YES;
				CLANG_WARN_ENUM_CONVERSION = YES;
				CLANG_WARN_INFINITE_RECURSION = YES;
				CLANG_WARN_INT_CONVERSION = YES;
				CLANG_WARN_NON_LITERAL_NULL_CONVERSION = YES;
				CLANG_WARN_OBJC_IMPLICIT_RETAIN_SELF = YES;
				CLANG_WARN_OBJC_LITERAL_CONVERSION = YES;
				CLANG_WARN_OBJC_ROOT_CLASS = YES_ERROR;
				CLANG_WARN_RANGE_LOOP_ANALYSIS = YES;
				CLANG_WARN_STRICT_PROTOTYPES = YES;
				CLANG_WARN_SUSPICIOUS_MOVE = YES;
				CLANG_WARN_UNGUARDED_AVAILABILITY = YES_AGGRESSIVE;
				CLANG_WARN_UNREACHABLE_CODE = YES;
				CLANG_WARN__DUPLICATE_METHOD_MATCH = YES;
				COPY_PHASE_STRIP = NO;
				DEBUG_INFORMATION_FORMAT = "dwarf-with-dsym";
				ENABLE_NS_ASSERTIONS = NO;
				ENABLE_STRICT_OBJC_MSGSEND = YES;
				GCC_C_LANGUAGE_STANDARD = gnu11;
				GCC_NO_COMMON_BLOCKS = YES;
				GCC_WARN_64_TO_32_BIT_CONVERSION = YES;
				GCC_WARN_ABOUT_RETURN_TYPE = YES_ERROR;
				GCC_WARN_UNDECLARED_SELECTOR = YES;
				GCC_WARN_UNINITIALIZED_AUTOS = YES_AGGRESSIVE;
				GCC_WARN_UNUSED_FUNCTION = YES;
				GCC_WARN_UNUSED_VARIABLE = YES;
				IPHONEOS_DEPLOYMENT_TARGET = 13.7;
				MTL_ENABLE_DEBUG_INFO = NO;
				MTL_FAST_MATH = YES;
				SDKROOT = iphoneos;
				SWIFT_COMPILATION_MODE = wholemodule;
				SWIFT_OPTIMIZATION_LEVEL = "-O";
				VALIDATE_PRODUCT = YES;
			};
			name = Release;
		};
		CA9517F2250483C70046A9A8 /* Debug */ = {
			isa = XCBuildConfiguration;
			buildSettings = {
				ASSETCATALOG_COMPILER_APPICON_NAME = AppIcon;
				CODE_SIGN_STYLE = Automatic;
				INFOPLIST_FILE = "Tip Time/Info.plist";
				LD_RUNPATH_SEARCH_PATHS = (
					"$(inherited)",
					"@executable_path/Frameworks",
				);
				PRODUCT_BUNDLE_IDENTIFIER = "Jeressia.Tip-Time";
				PRODUCT_NAME = "$(TARGET_NAME)";
				SWIFT_VERSION = 5.0;
				TARGETED_DEVICE_FAMILY = "1,2";
			};
			name = Debug;
		};
		CA9517F3250483C70046A9A8 /* Release */ = {
			isa = XCBuildConfiguration;
			buildSettings = {
				ASSETCATALOG_COMPILER_APPICON_NAME = AppIcon;
				CODE_SIGN_STYLE = Automatic;
				INFOPLIST_FILE = "Tip Time/Info.plist";
				LD_RUNPATH_SEARCH_PATHS = (
					"$(inherited)",
					"@executable_path/Frameworks",
				);
				PRODUCT_BUNDLE_IDENTIFIER = "Jeressia.Tip-Time";
				PRODUCT_NAME = "$(TARGET_NAME)";
				SWIFT_VERSION = 5.0;
				TARGETED_DEVICE_FAMILY = "1,2";
			};
			name = Release;
		};
		CA9517F5250483C70046A9A8 /* Debug */ = {
			isa = XCBuildConfiguration;
			buildSettings = {
				ALWAYS_EMBED_SWIFT_STANDARD_LIBRARIES = YES;
				BUNDLE_LOADER = "$(TEST_HOST)";
				CODE_SIGN_STYLE = Automatic;
				INFOPLIST_FILE = "Tip TimeTests/Info.plist";
				IPHONEOS_DEPLOYMENT_TARGET = 13.7;
				LD_RUNPATH_SEARCH_PATHS = (
					"$(inherited)",
					"@executable_path/Frameworks",
					"@loader_path/Frameworks",
				);
				PRODUCT_BUNDLE_IDENTIFIER = "Jeressia.Tip-TimeTests";
				PRODUCT_NAME = "$(TARGET_NAME)";
				SWIFT_VERSION = 5.0;
				TARGETED_DEVICE_FAMILY = "1,2";
				TEST_HOST = "$(BUILT_PRODUCTS_DIR)/Tip Time.app/Tip Time";
			};
			name = Debug;
		};
		CA9517F6250483C70046A9A8 /* Release */ = {
			isa = XCBuildConfiguration;
			buildSettings = {
				ALWAYS_EMBED_SWIFT_STANDARD_LIBRARIES = YES;
				BUNDLE_LOADER = "$(TEST_HOST)";
				CODE_SIGN_STYLE = Automatic;
				INFOPLIST_FILE = "Tip TimeTests/Info.plist";
				IPHONEOS_DEPLOYMENT_TARGET = 13.7;
				LD_RUNPATH_SEARCH_PATHS = (
					"$(inherited)",
					"@executable_path/Frameworks",
					"@loader_path/Frameworks",
				);
				PRODUCT_BUNDLE_IDENTIFIER = "Jeressia.Tip-TimeTests";
				PRODUCT_NAME = "$(TARGET_NAME)";
				SWIFT_VERSION = 5.0;
				TARGETED_DEVICE_FAMILY = "1,2";
				TEST_HOST = "$(BUILT_PRODUCTS_DIR)/Tip Time.app/Tip Time";
			};
			name = Release;
		};
		CA9517F8250483C70046A9A8 /* Debug */ = {
			isa = XCBuildConfiguration;
			buildSettings = {
				ALWAYS_EMBED_SWIFT_STANDARD_LIBRARIES = YES;
				CODE_SIGN_STYLE = Automatic;
				INFOPLIST_FILE = "Tip TimeUITests/Info.plist";
				LD_RUNPATH_SEARCH_PATHS = (
					"$(inherited)",
					"@executable_path/Frameworks",
					"@loader_path/Frameworks",
				);
				PRODUCT_BUNDLE_IDENTIFIER = "Jeressia.Tip-TimeUITests";
				PRODUCT_NAME = "$(TARGET_NAME)";
				SWIFT_VERSION = 5.0;
				TARGETED_DEVICE_FAMILY = "1,2";
				TEST_TARGET_NAME = "Tip Time";
			};
			name = Debug;
		};
		CA9517F9250483C70046A9A8 /* Release */ = {
			isa = XCBuildConfiguration;
			buildSettings = {
				ALWAYS_EMBED_SWIFT_STANDARD_LIBRARIES = YES;
				CODE_SIGN_STYLE = Automatic;
				INFOPLIST_FILE = "Tip TimeUITests/Info.plist";
				LD_RUNPATH_SEARCH_PATHS = (
					"$(inherited)",
					"@executable_path/Frameworks",
					"@loader_path/Frameworks",
				);
				PRODUCT_BUNDLE_IDENTIFIER = "Jeressia.Tip-TimeUITests";
				PRODUCT_NAME = "$(TARGET_NAME)";
				SWIFT_VERSION = 5.0;
				TARGETED_DEVICE_FAMILY = "1,2";
				TEST_TARGET_NAME = "Tip Time";
			};
			name = Release;
		};
/* End XCBuildConfiguration section */

/* Begin XCConfigurationList section */
		CA9517C2250483C60046A9A8 /* Build configuration list for PBXProject "Tip Time" */ = {
			isa = XCConfigurationList;
			buildConfigurations = (
				CA9517EF250483C70046A9A8 /* Debug */,
				CA9517F0250483C70046A9A8 /* Release */,
			);
			defaultConfigurationIsVisible = 0;
			defaultConfigurationName = Release;
		};
		CA9517F1250483C70046A9A8 /* Build configuration list for PBXNativeTarget "Tip Time" */ = {
			isa = XCConfigurationList;
			buildConfigurations = (
				CA9517F2250483C70046A9A8 /* Debug */,
				CA9517F3250483C70046A9A8 /* Release */,
			);
			defaultConfigurationIsVisible = 0;
			defaultConfigurationName = Release;
		};
		CA9517F4250483C70046A9A8 /* Build configuration list for PBXNativeTarget "Tip TimeTests" */ = {
			isa = XCConfigurationList;
			buildConfigurations = (
				CA9517F5250483C70046A9A8 /* Debug */,
				CA9517F6250483C70046A9A8 /* Release */,
			);
			defaultConfigurationIsVisible = 0;
			defaultConfigurationName = Release;
		};
		CA9517F7250483C70046A9A8 /* Build configuration list for PBXNativeTarget "Tip TimeUITests" */ = {
			isa = XCConfigurationList;
			buildConfigurations = (
				CA9517F8250483C70046A9A8 /* Debug */,
				CA9517F9250483C70046A9A8 /* Release */,
			);
			defaultConfigurationIsVisible = 0;
			defaultConfigurationName = Release;
		};
/* End XCConfigurationList section */
	};
	rootObject = CA9517BF250483C60046A9A8 /* Project object */;
}
